{
    "name": "teamsync-common",
    "version": "1.0.4",
    "lockfileVersion": 3,
    "requires": true,
    "packages": {
        "": {
            "name": "teamsync-common",
            "version": "1.0.4",
            "license": "MIT",
            "dependencies": {
                "@types/express": "github:types/express",
                "express-validator": "^7.2.0",
                "kafkajs": "^2.2.4"
            },
            "devDependencies": {
                "@types/node": "^20.0.0",
                "typescript": "^5.0.0"
            }
        },
        "node_modules/@types/express": {
            "version": "4.14.0",
            "resolved": "git+ssh://git@github.com/types/express.git#7670cf1cbce96b3159e3ff04a253926b34111220",
            "dependencies": {
                "@types/serve-static": "github:types/npm-serve-static#c1f96843c8b96a37f6c534cb1dadb48f5329e4e0",
                "path-to-regexp": "github:pillarjs/path-to-regexp#ec285ed3500aed455df59e3b8b07f473412918a4"
            },
            "peerDependencies": {
                "@types/node": "*"
            }
        },
        "node_modules/@types/node": {
            "version": "20.14.15",
            "resolved": "https://registry.npmjs.org/@types/node/-/node-20.14.15.tgz",
            "integrity": "sha512-Fz1xDMCF/B00/tYSVMlmK7hVeLh7jE5f3B7X1/hmV0MJBwE27KlS7EvD/Yp+z1lm8mVhwV5w+n8jOZG8AfTlKw==",
            "dependencies": {
                "undici-types": "~5.26.4"
            }
        },
        "node_modules/@types/serve-static": {
            "version": "1.11.1",
            "resolved": "git+ssh://git@github.com/types/npm-serve-static.git#c1f96843c8b96a37f6c534cb1dadb48f5329e4e0",
            "integrity": "sha512-jvjowXgPD/9JiONlOJB2IrkxUqX8hgOGkcMbWbdSrJA+kvNO9ak8rW4DcVdVaYMp0Yj5iJsPmlFfOBfgr51yBw==",
            "peerDependencies": {
                "@types/node": "*"
            }
        },
        "node_modules/express-validator": {
            "version": "7.2.0",
            "resolved": "https://registry.npmjs.org/express-validator/-/express-validator-7.2.0.tgz",
            "integrity": "sha512-I2ByKD8panjtr8Y05l21Wph9xk7kk64UMyvJCl/fFM/3CTJq8isXYPLeKW/aZBCdb/LYNv63PwhY8khw8VWocA==",
            "dependencies": {
                "lodash": "^4.17.21",
                "validator": "~13.12.0"
            },
            "engines": {
                "node": ">= 8.0.0"
            }
        },
        "node_modules/isarray": {
            "version": "0.0.1",
            "resolved": "https://registry.npmjs.org/isarray/-/isarray-0.0.1.tgz",
            "integrity": "sha512-D2S+3GLxWH+uhrNEcoh/fnmYeP8E8/zHl644d/jdA0g2uyXvy3sb0qxotE+ne0LtccHknQzWwZEzhak7oJ0COQ=="
        },
        "node_modules/kafkajs": {
            "version": "2.2.4",
            "resolved": "https://registry.npmjs.org/kafkajs/-/kafkajs-2.2.4.tgz",
            "integrity": "sha512-j/YeapB1vfPT2iOIUn/vxdyKEuhuY2PxMBvf5JWux6iSaukAccrMtXEY/Lb7OvavDhOWME589bpLrEdnVHjfjA==",
            "engines": {
                "node": ">=14.0.0"
            }
        },
        "node_modules/lodash": {
            "version": "4.17.21",
            "resolved": "https://registry.npmjs.org/lodash/-/lodash-4.17.21.tgz",
            "integrity": "sha512-v2kDEe57lecTulaDIuNTPy3Ry4gLGJ6Z1O3vE1krgXZNrsQ+LFTGHVxVjcXPs17LhbZVGedAJv8XZ1tvj5FvSg=="
        },
        "node_modules/path-to-regexp": {
            "version": "1.5.3",
            "resolved": "git+ssh://git@github.com/pillarjs/path-to-regexp.git#ec285ed3500aed455df59e3b8b07f473412918a4",
            "integrity": "sha512-pmFLFZT9b6T+dh1FqVc/FBTJQo/4bNO6H9OrsbVMGgJCdZQLXvSjivJN/yQ4NudyLyhj877qZ9Ci47VyI789XA==",
            "dependencies": {
                "isarray": "0.0.1"
            }
        },
        "node_modules/typescript": {
            "version": "5.5.4",
            "resolved": "https://registry.npmjs.org/typescript/-/typescript-5.5.4.tgz",
            "integrity": "sha512-Mtq29sKDAEYP7aljRgtPOpTvOfbwRWlS6dPRzwjdE+C0R4brX/GUyhHSecbHMFLNBLcJIPt9nl9yG5TZ1weH+Q==",
            "dev": true,
            "bin": {
                "tsc": "bin/tsc",
                "tsserver": "bin/tsserver"
            },
            "engines": {
                "node": ">=14.17"
            }
        },
        "node_modules/undici-types": {
            "version": "5.26.5",
            "resolved": "https://registry.npmjs.org/undici-types/-/undici-types-5.26.5.tgz",
            "integrity": "sha512-JlCMO+ehdEIKqlFxk6IfVoAUVmgz7cU7zD/h9XZ0qzeosSHmUJVOzSQvvYSYWXkFXC+IfLKSIffhv0sVZup6pA=="
        },
        "node_modules/validator": {
            "version": "13.12.0",
            "resolved": "https://registry.npmjs.org/validator/-/validator-13.12.0.tgz",
            "integrity": "sha512-c1Q0mCiPlgdTVVVIJIrBuxNicYE+t/7oKeI9MWLj3fh/uq2Pxh/3eeWbVZ4OcGW1TUf53At0njHw5SMdA3tmMg==",
            "engines": {
                "node": ">= 0.10"
            }
        }
    }
}
